{
  "object": {
    "pins": [
      {
        "package": "Realm",
        "repositoryURL": "https://github.com/realm/realm-cocoa.git",
        "state": {
          "branch": null,
          "revision": "ae4278abe1fcdcd616b410e098a744c1cc73e0bd",
          "version": "10.31.0"
        }
      },
      {
        "package": "RealmDatabase",
        "repositoryURL": "https://github.com/realm/realm-core",
        "state": {
          "branch": null,
          "revision": "b86d2107fec4246b55af24a3b11e00275575f808",
          "version": "12.9.0"
        }
      }
    ]
  },
  "version": 1
}
