PODS:
  - Realm (10.37.0):
    - Realm/Headers (= 10.37.0)
  - Realm/Headers (10.37.0)
  - RealmSwift (10.37.0):
    - Realm (= 10.37.0)
  - SwiftLint (0.50.3)

DEPENDENCIES:
  - RealmSwift
  - SwiftLint

SPEC REPOS:
  https://github.com/CocoaPods/specs.git:
    - Realm
    - RealmSwift
    - SwiftLint

SPEC CHECKSUMS:
  Realm: 9c5fc6f8f5cb70b299f2e3064d2b9f6cb0f1523d
  RealmSwift: 7be7bb45911c16400dd1bfce3a01764ecb4cae7a
  SwiftLint: 77f7cb2b9bb81ab4a12fcc86448ba3f11afa50c6

PODFILE CHECKSUM: 28387aee7ee634c7b0fc462f02ab6ad675a502d7

COCOAPODS: 1.12.0
