PODS:
  - Realm (10.26.0):
    - Realm/Headers (= 10.26.0)
  - Realm/Headers (10.26.0)
  - RealmSwift (10.26.0):
    - Realm (= 10.26.0)
  - SwiftLint (0.47.1)

DEPENDENCIES:
  - RealmSwift
  - SwiftLint

SPEC REPOS:
  https://github.com/CocoaPods/specs.git:
    - Realm
    - RealmSwift
    - SwiftLint

SPEC CHECKSUMS:
  Realm: 97bc2540088e1e88a4b2051ba4b8eac85be0039a
  RealmSwift: 1bc3cbcb1681c5a9262df5883280123aa2d1d4cf
  SwiftLint: f80f1be7fa96d30e0aa68e58d45d4ea1ccaac519

PODFILE CHECKSUM: 28387aee7ee634c7b0fc462f02ab6ad675a502d7

COCOAPODS: 1.11.3
